// !$*UTF8*$!
{
	archiveVersion = 1;
	classes = {
	};
	objectVersion = 46;
	objects = {

/* Begin PBXBuildFile section */
		173DCFB01E56B187001092C7 /* GoogleService-Info.plist in Resources */ = {isa = PBXBuildFile; fileRef = 173DCFAF1E56B187001092C7 /* GoogleService-Info.plist */; };
		173DCFB21E58F599001092C7 /* CategoriesTableViewController.swift in Sources */ = {isa = PBXBuildFile; fileRef = 173DCFB11E58F598001092C7 /* CategoriesTableViewController.swift */; };
		173DCFB41E58F5E4001092C7 /* CategoriesTableViewCell.swift in Sources */ = {isa = PBXBuildFile; fileRef = 173DCFB31E58F5E4001092C7 /* CategoriesTableViewCell.swift */; };
		173DCFB61E58F8E2001092C7 /* Category.swift in Sources */ = {isa = PBXBuildFile; fileRef = 173DCFB51E58F8E2001092C7 /* Category.swift */; };
		1767F7591E344B7100E8AD1F /* Product.swift in Sources */ = {isa = PBXBuildFile; fileRef = 1767F7581E344B7100E8AD1F /* Product.swift */; };
		1767F75B1E344E3100E8AD1F /* EcommerceProductCollectionViewController.swift in Sources */ = {isa = PBXBuildFile; fileRef = 1767F75A1E344E3100E8AD1F /* EcommerceProductCollectionViewController.swift */; };
		1767F75D1E344E7800E8AD1F /* ProductCollectionViewCell.swift in Sources */ = {isa = PBXBuildFile; fileRef = 1767F75C1E344E7800E8AD1F /* ProductCollectionViewCell.swift */; };
		177867461E33F86000BF7080 /* AppDelegate.swift in Sources */ = {isa = PBXBuildFile; fileRef = 177867451E33F86000BF7080 /* AppDelegate.swift */; };
		177867481E33F86000BF7080 /* ViewController.swift in Sources */ = {isa = PBXBuildFile; fileRef = 177867471E33F86000BF7080 /* ViewController.swift */; };
		1778674D1E33F86000BF7080 /* Assets.xcassets in Resources */ = {isa = PBXBuildFile; fileRef = 1778674C1E33F86000BF7080 /* Assets.xcassets */; };
		177867501E33F86000BF7080 /* LaunchScreen.storyboard in Resources */ = {isa = PBXBuildFile; fileRef = 1778674E1E33F86000BF7080 /* LaunchScreen.storyboard */; };
		177867581E33F97900BF7080 /* Ecommerce.storyboard in Resources */ = {isa = PBXBuildFile; fileRef = 177867571E33F97900BF7080 /* Ecommerce.storyboard */; };
		177867641E34147900BF7080 /* StoryboardEntityProvider.swift in Sources */ = {isa = PBXBuildFile; fileRef = 177867631E34147900BF7080 /* StoryboardEntityProvider.swift */; };
		17825D8E1E356BF200A03FC5 /* EcommerceProductDetailsViewController.swift in Sources */ = {isa = PBXBuildFile; fileRef = 17825D8D1E356BF200A03FC5 /* EcommerceProductDetailsViewController.swift */; };
		17825D901E356ED200A03FC5 /* ImageCollectionViewCell.swift in Sources */ = {isa = PBXBuildFile; fileRef = 17825D8F1E356ED200A03FC5 /* ImageCollectionViewCell.swift */; };
		17825D931E3852C700A03FC5 /* ShoppingCartManager.swift in Sources */ = {isa = PBXBuildFile; fileRef = 17825D921E3852C700A03FC5 /* ShoppingCartManager.swift */; };
		17825D971E3ABD1300A03FC5 /* ShoppingCart.swift in Sources */ = {isa = PBXBuildFile; fileRef = 17825D961E3ABD1300A03FC5 /* ShoppingCart.swift */; };
		17825D991E3ABD3800A03FC5 /* ShoppingCartItem.swift in Sources */ = {isa = PBXBuildFile; fileRef = 17825D981E3ABD3800A03FC5 /* ShoppingCartItem.swift */; };
		17825D9D1E3AD4B400A03FC5 /* EcommerceCartTableViewController.swift in Sources */ = {isa = PBXBuildFile; fileRef = 17825D9C1E3AD4B400A03FC5 /* EcommerceCartTableViewController.swift */; };
		17825D9F1E3AD50F00A03FC5 /* CartTableViewCell.swift in Sources */ = {isa = PBXBuildFile; fileRef = 17825D9E1E3AD50F00A03FC5 /* CartTableViewCell.swift */; };
		17825DA11E3D30BC00A03FC5 /* CartTotalTableViewCell.swift in Sources */ = {isa = PBXBuildFile; fileRef = 17825DA01E3D30BC00A03FC5 /* CartTotalTableViewCell.swift */; };
		17825DA31E3D37A500A03FC5 /* CartPlaceOrderTableViewCell.swift in Sources */ = {isa = PBXBuildFile; fileRef = 17825DA21E3D37A500A03FC5 /* CartPlaceOrderTableViewCell.swift */; };
		17A206351E513D7C00CCC2C8 /* AppConfiguration.swift in Sources */ = {isa = PBXBuildFile; fileRef = 17A206341E513D7C00CCC2C8 /* AppConfiguration.swift */; };
		17A2066F1E5147A300CCC2C8 /* ATCAPIManager.swift in Sources */ = {isa = PBXBuildFile; fileRef = 17A206401E5147A300CCC2C8 /* ATCAPIManager.swift */; };
		17A206701E5147A300CCC2C8 /* ATCFacebookAPIManager.swift in Sources */ = {isa = PBXBuildFile; fileRef = 17A206411E5147A300CCC2C8 /* ATCFacebookAPIManager.swift */; };
		17A206711E5147A300CCC2C8 /* Misc.xcassets in Resources */ = {isa = PBXBuildFile; fileRef = 17A206431E5147A300CCC2C8 /* Misc.xcassets */; };
		17A206721E5147A300CCC2C8 /* ATCFirebaseLoginManager.swift in Sources */ = {isa = PBXBuildFile; fileRef = 17A206461E5147A300CCC2C8 /* ATCFirebaseLoginManager.swift */; };
		17A206731E5147A300CCC2C8 /* ATCViewControllerFactory.swift in Sources */ = {isa = PBXBuildFile; fileRef = 17A206471E5147A300CCC2C8 /* ATCViewControllerFactory.swift */; };
		17A206741E5147A300CCC2C8 /* ATCBaseModel.swift in Sources */ = {isa = PBXBuildFile; fileRef = 17A206491E5147A300CCC2C8 /* ATCBaseModel.swift */; };
		17A206751E5147A300CCC2C8 /* ATCFacebookPost.swift in Sources */ = {isa = PBXBuildFile; fileRef = 17A2064A1E5147A300CCC2C8 /* ATCFacebookPost.swift */; };
		17A206761E5147A300CCC2C8 /* ATCFacebookUser.swift in Sources */ = {isa = PBXBuildFile; fileRef = 17A2064B1E5147A300CCC2C8 /* ATCFacebookUser.swift */; };
		17A206771E5147A300CCC2C8 /* ATCRSSFeed.swift in Sources */ = {isa = PBXBuildFile; fileRef = 17A2064C1E5147A300CCC2C8 /* ATCRSSFeed.swift */; };
		17A206781E5147A300CCC2C8 /* ATCSettingsItem.swift in Sources */ = {isa = PBXBuildFile; fileRef = 17A2064D1E5147A300CCC2C8 /* ATCSettingsItem.swift */; };
		17A206791E5147A300CCC2C8 /* ATCUser.swift in Sources */ = {isa = PBXBuildFile; fileRef = 17A2064E1E5147A300CCC2C8 /* ATCUser.swift */; };
		17A2067A1E5147A300CCC2C8 /* ATCWordpressPost.swift in Sources */ = {isa = PBXBuildFile; fileRef = 17A2064F1E5147A300CCC2C8 /* ATCWordpressPost.swift */; };
		17A2067B1E5147A300CCC2C8 /* ATCNetworkingManager.swift in Sources */ = {isa = PBXBuildFile; fileRef = 17A206511E5147A300CCC2C8 /* ATCNetworkingManager.swift */; };
		17A2067C1E5147A300CCC2C8 /* ATCStripeButtons.swift in Sources */ = {isa = PBXBuildFile; fileRef = 17A206531E5147A300CCC2C8 /* ATCStripeButtons.swift */; };
		17A2067D1E5147A300CCC2C8 /* ATCStripeCheckoutRowView.swift in Sources */ = {isa = PBXBuildFile; fileRef = 17A206541E5147A300CCC2C8 /* ATCStripeCheckoutRowView.swift */; };
		17A2067E1E5147A300CCC2C8 /* ATCStripeCheckoutViewController.swift in Sources */ = {isa = PBXBuildFile; fileRef = 17A206551E5147A300CCC2C8 /* ATCStripeCheckoutViewController.swift */; };
		17A2067F1E5147A300CCC2C8 /* ATCStripeMyAPIClient.swift in Sources */ = {isa = PBXBuildFile; fileRef = 17A206561E5147A300CCC2C8 /* ATCStripeMyAPIClient.swift */; };
		17A206801E5147A300CCC2C8 /* ATCStripeSettingsViewController.swift in Sources */ = {isa = PBXBuildFile; fileRef = 17A206571E5147A300CCC2C8 /* ATCStripeSettingsViewController.swift */; };
		17A206811E5147A300CCC2C8 /* ATCLoginViewController.swift in Sources */ = {isa = PBXBuildFile; fileRef = 17A206591E5147A300CCC2C8 /* ATCLoginViewController.swift */; };
		17A206821E5147A300CCC2C8 /* ATCLoginViewController.xib in Resources */ = {isa = PBXBuildFile; fileRef = 17A2065A1E5147A300CCC2C8 /* ATCLoginViewController.xib */; };
		17A206831E5147A300CCC2C8 /* ATCTableViewController.swift in Sources */ = {isa = PBXBuildFile; fileRef = 17A2065B1E5147A300CCC2C8 /* ATCTableViewController.swift */; };
		17A206841E5147A300CCC2C8 /* ATCHostViewController.swift in Sources */ = {isa = PBXBuildFile; fileRef = 17A2065D1E5147A300CCC2C8 /* ATCHostViewController.swift */; };
		17A206851E5147A300CCC2C8 /* ATCMenuHeaderTableViewCell.swift in Sources */ = {isa = PBXBuildFile; fileRef = 17A2065E1E5147A300CCC2C8 /* ATCMenuHeaderTableViewCell.swift */; };
		17A206861E5147A300CCC2C8 /* ATCMenuHeaderTableViewCell.xib in Resources */ = {isa = PBXBuildFile; fileRef = 17A2065F1E5147A300CCC2C8 /* ATCMenuHeaderTableViewCell.xib */; };
		17A206871E5147A300CCC2C8 /* ATCMenuTableViewCell.swift in Sources */ = {isa = PBXBuildFile; fileRef = 17A206601E5147A300CCC2C8 /* ATCMenuTableViewCell.swift */; };
		17A206881E5147A300CCC2C8 /* ATCMenuTableViewCell.xib in Resources */ = {isa = PBXBuildFile; fileRef = 17A206611E5147A300CCC2C8 /* ATCMenuTableViewCell.xib */; };
		17A206891E5147A300CCC2C8 /* ATCMenuTableViewController.swift in Sources */ = {isa = PBXBuildFile; fileRef = 17A206621E5147A300CCC2C8 /* ATCMenuTableViewController.swift */; };
		17A2068A1E5147A300CCC2C8 /* ATCMenuTableViewController.xib in Resources */ = {isa = PBXBuildFile; fileRef = 17A206631E5147A300CCC2C8 /* ATCMenuTableViewController.xib */; };
		17A2068B1E5147A300CCC2C8 /* ATCNavigationController.swift in Sources */ = {isa = PBXBuildFile; fileRef = 17A206641E5147A300CCC2C8 /* ATCNavigationController.swift */; };
		17A2068C1E5147A300CCC2C8 /* ATCNavigationDrawerController.swift in Sources */ = {isa = PBXBuildFile; fileRef = 17A206651E5147A300CCC2C8 /* ATCNavigationDrawerController.swift */; };
		17A2068D1E5147A300CCC2C8 /* ATCNavigationToolbarController.swift in Sources */ = {isa = PBXBuildFile; fileRef = 17A206661E5147A300CCC2C8 /* ATCNavigationToolbarController.swift */; };
		17A2068E1E5147A300CCC2C8 /* ATCSettingsMoreTableViewCell.swift in Sources */ = {isa = PBXBuildFile; fileRef = 17A206681E5147A300CCC2C8 /* ATCSettingsMoreTableViewCell.swift */; };
		17A2068F1E5147A300CCC2C8 /* ATCSettingsMoreTableViewCell.xib in Resources */ = {isa = PBXBuildFile; fileRef = 17A206691E5147A300CCC2C8 /* ATCSettingsMoreTableViewCell.xib */; };
		17A206901E5147A300CCC2C8 /* ATCSettingsTableViewController.swift in Sources */ = {isa = PBXBuildFile; fileRef = 17A2066A1E5147A300CCC2C8 /* ATCSettingsTableViewController.swift */; };
		17A206911E5147A300CCC2C8 /* ATCSettingsTextTableViewCell.swift in Sources */ = {isa = PBXBuildFile; fileRef = 17A2066B1E5147A300CCC2C8 /* ATCSettingsTextTableViewCell.swift */; };
		17A206921E5147A300CCC2C8 /* ATCSettingsTextTableViewCell.xib in Resources */ = {isa = PBXBuildFile; fileRef = 17A2066C1E5147A300CCC2C8 /* ATCSettingsTextTableViewCell.xib */; };
		17A206931E5147A300CCC2C8 /* ATCSettingsToggleTableViewCell.swift in Sources */ = {isa = PBXBuildFile; fileRef = 17A2066D1E5147A300CCC2C8 /* ATCSettingsToggleTableViewCell.swift */; };
		17A206941E5147A300CCC2C8 /* ATCSettingsToggleTableViewCell.xib in Resources */ = {isa = PBXBuildFile; fileRef = 17A2066E1E5147A300CCC2C8 /* ATCSettingsToggleTableViewCell.xib */; };
		3C080925C4927DE51FF202F6 /* Pods_EcommerceApp.framework in Frameworks */ = {isa = PBXBuildFile; fileRef = A77003E3BA55AED5BB62B93B /* Pods_EcommerceApp.framework */; };
/* End PBXBuildFile section */

/* Begin PBXFileReference section */
		173DCFAF1E56B187001092C7 /* GoogleService-Info.plist */ = {isa = PBXFileReference; fileEncoding = 4; lastKnownFileType = text.plist.xml; path = "GoogleService-Info.plist"; sourceTree = "<group>"; };
		173DCFB11E58F598001092C7 /* CategoriesTableViewController.swift */ = {isa = PBXFileReference; fileEncoding = 4; lastKnownFileType = sourcecode.swift; path = CategoriesTableViewController.swift; sourceTree = "<group>"; };
		173DCFB31E58F5E4001092C7 /* CategoriesTableViewCell.swift */ = {isa = PBXFileReference; fileEncoding = 4; lastKnownFileType = sourcecode.swift; path = CategoriesTableViewCell.swift; sourceTree = "<group>"; };
		173DCFB51E58F8E2001092C7 /* Category.swift */ = {isa = PBXFileReference; fileEncoding = 4; lastKnownFileType = sourcecode.swift; path = Category.swift; sourceTree = "<group>"; };
		1767F7581E344B7100E8AD1F /* Product.swift */ = {isa = PBXFileReference; fileEncoding = 4; lastKnownFileType = sourcecode.swift; path = Product.swift; sourceTree = "<group>"; };
		1767F75A1E344E3100E8AD1F /* EcommerceProductCollectionViewController.swift */ = {isa = PBXFileReference; fileEncoding = 4; lastKnownFileType = sourcecode.swift; path = EcommerceProductCollectionViewController.swift; sourceTree = "<group>"; };
		1767F75C1E344E7800E8AD1F /* ProductCollectionViewCell.swift */ = {isa = PBXFileReference; fileEncoding = 4; lastKnownFileType = sourcecode.swift; path = ProductCollectionViewCell.swift; sourceTree = "<group>"; };
		177867421E33F86000BF7080 /* EcommerceApp.app */ = {isa = PBXFileReference; explicitFileType = wrapper.application; includeInIndex = 0; path = EcommerceApp.app; sourceTree = BUILT_PRODUCTS_DIR; };
		177867451E33F86000BF7080 /* AppDelegate.swift */ = {isa = PBXFileReference; lastKnownFileType = sourcecode.swift; path = AppDelegate.swift; sourceTree = "<group>"; };
		177867471E33F86000BF7080 /* ViewController.swift */ = {isa = PBXFileReference; lastKnownFileType = sourcecode.swift; path = ViewController.swift; sourceTree = "<group>"; };
		1778674C1E33F86000BF7080 /* Assets.xcassets */ = {isa = PBXFileReference; lastKnownFileType = folder.assetcatalog; path = Assets.xcassets; sourceTree = "<group>"; };
		1778674F1E33F86000BF7080 /* Base */ = {isa = PBXFileReference; lastKnownFileType = file.storyboard; name = Base; path = Base.lproj/LaunchScreen.storyboard; sourceTree = "<group>"; };
		177867511E33F86000BF7080 /* Info.plist */ = {isa = PBXFileReference; lastKnownFileType = text.plist.xml; path = Info.plist; sourceTree = "<group>"; };
		177867571E33F97900BF7080 /* Ecommerce.storyboard */ = {isa = PBXFileReference; fileEncoding = 4; lastKnownFileType = file.storyboard; path = Ecommerce.storyboard; sourceTree = "<group>"; };
		177867631E34147900BF7080 /* StoryboardEntityProvider.swift */ = {isa = PBXFileReference; fileEncoding = 4; lastKnownFileType = sourcecode.swift; path = StoryboardEntityProvider.swift; sourceTree = "<group>"; };
		17825D8D1E356BF200A03FC5 /* EcommerceProductDetailsViewController.swift */ = {isa = PBXFileReference; fileEncoding = 4; lastKnownFileType = sourcecode.swift; path = EcommerceProductDetailsViewController.swift; sourceTree = "<group>"; };
		17825D8F1E356ED200A03FC5 /* ImageCollectionViewCell.swift */ = {isa = PBXFileReference; fileEncoding = 4; lastKnownFileType = sourcecode.swift; path = ImageCollectionViewCell.swift; sourceTree = "<group>"; };
		17825D921E3852C700A03FC5 /* ShoppingCartManager.swift */ = {isa = PBXFileReference; fileEncoding = 4; lastKnownFileType = sourcecode.swift; path = ShoppingCartManager.swift; sourceTree = "<group>"; };
		17825D961E3ABD1300A03FC5 /* ShoppingCart.swift */ = {isa = PBXFileReference; fileEncoding = 4; lastKnownFileType = sourcecode.swift; path = ShoppingCart.swift; sourceTree = "<group>"; };
		17825D981E3ABD3800A03FC5 /* ShoppingCartItem.swift */ = {isa = PBXFileReference; fileEncoding = 4; lastKnownFileType = sourcecode.swift; path = ShoppingCartItem.swift; sourceTree = "<group>"; };
		17825D9C1E3AD4B400A03FC5 /* EcommerceCartTableViewController.swift */ = {isa = PBXFileReference; fileEncoding = 4; lastKnownFileType = sourcecode.swift; path = EcommerceCartTableViewController.swift; sourceTree = "<group>"; };
		17825D9E1E3AD50F00A03FC5 /* CartTableViewCell.swift */ = {isa = PBXFileReference; fileEncoding = 4; lastKnownFileType = sourcecode.swift; path = CartTableViewCell.swift; sourceTree = "<group>"; };
		17825DA01E3D30BC00A03FC5 /* CartTotalTableViewCell.swift */ = {isa = PBXFileReference; fileEncoding = 4; lastKnownFileType = sourcecode.swift; path = CartTotalTableViewCell.swift; sourceTree = "<group>"; };
		17825DA21E3D37A500A03FC5 /* CartPlaceOrderTableViewCell.swift */ = {isa = PBXFileReference; fileEncoding = 4; lastKnownFileType = sourcecode.swift; path = CartPlaceOrderTableViewCell.swift; sourceTree = "<group>"; };
		17A206341E513D7C00CCC2C8 /* AppConfiguration.swift */ = {isa = PBXFileReference; fileEncoding = 4; lastKnownFileType = sourcecode.swift; path = AppConfiguration.swift; sourceTree = "<group>"; };
		17A206401E5147A300CCC2C8 /* ATCAPIManager.swift */ = {isa = PBXFileReference; fileEncoding = 4; lastKnownFileType = sourcecode.swift; path = ATCAPIManager.swift; sourceTree = "<group>"; };
		17A206411E5147A300CCC2C8 /* ATCFacebookAPIManager.swift */ = {isa = PBXFileReference; fileEncoding = 4; lastKnownFileType = sourcecode.swift; path = ATCFacebookAPIManager.swift; sourceTree = "<group>"; };
		17A206431E5147A300CCC2C8 /* Misc.xcassets */ = {isa = PBXFileReference; lastKnownFileType = folder.assetcatalog; path = Misc.xcassets; sourceTree = "<group>"; };
		17A206461E5147A300CCC2C8 /* ATCFirebaseLoginManager.swift */ = {isa = PBXFileReference; fileEncoding = 4; lastKnownFileType = sourcecode.swift; path = ATCFirebaseLoginManager.swift; sourceTree = "<group>"; };
		17A206471E5147A300CCC2C8 /* ATCViewControllerFactory.swift */ = {isa = PBXFileReference; fileEncoding = 4; lastKnownFileType = sourcecode.swift; path = ATCViewControllerFactory.swift; sourceTree = "<group>"; };
		17A206491E5147A300CCC2C8 /* ATCBaseModel.swift */ = {isa = PBXFileReference; fileEncoding = 4; lastKnownFileType = sourcecode.swift; path = ATCBaseModel.swift; sourceTree = "<group>"; };
		17A2064A1E5147A300CCC2C8 /* ATCFacebookPost.swift */ = {isa = PBXFileReference; fileEncoding = 4; lastKnownFileType = sourcecode.swift; path = ATCFacebookPost.swift; sourceTree = "<group>"; };
		17A2064B1E5147A300CCC2C8 /* ATCFacebookUser.swift */ = {isa = PBXFileReference; fileEncoding = 4; lastKnownFileType = sourcecode.swift; path = ATCFacebookUser.swift; sourceTree = "<group>"; };
		17A2064C1E5147A300CCC2C8 /* ATCRSSFeed.swift */ = {isa = PBXFileReference; fileEncoding = 4; lastKnownFileType = sourcecode.swift; path = ATCRSSFeed.swift; sourceTree = "<group>"; };
		17A2064D1E5147A300CCC2C8 /* ATCSettingsItem.swift */ = {isa = PBXFileReference; fileEncoding = 4; lastKnownFileType = sourcecode.swift; path = ATCSettingsItem.swift; sourceTree = "<group>"; };
		17A2064E1E5147A300CCC2C8 /* ATCUser.swift */ = {isa = PBXFileReference; fileEncoding = 4; lastKnownFileType = sourcecode.swift; path = ATCUser.swift; sourceTree = "<group>"; };
		17A2064F1E5147A300CCC2C8 /* ATCWordpressPost.swift */ = {isa = PBXFileReference; fileEncoding = 4; lastKnownFileType = sourcecode.swift; path = ATCWordpressPost.swift; sourceTree = "<group>"; };
		17A206511E5147A300CCC2C8 /* ATCNetworkingManager.swift */ = {isa = PBXFileReference; fileEncoding = 4; lastKnownFileType = sourcecode.swift; path = ATCNetworkingManager.swift; sourceTree = "<group>"; };
		17A206531E5147A300CCC2C8 /* ATCStripeButtons.swift */ = {isa = PBXFileReference; fileEncoding = 4; lastKnownFileType = sourcecode.swift; path = ATCStripeButtons.swift; sourceTree = "<group>"; };
		17A206541E5147A300CCC2C8 /* ATCStripeCheckoutRowView.swift */ = {isa = PBXFileReference; fileEncoding = 4; lastKnownFileType = sourcecode.swift; path = ATCStripeCheckoutRowView.swift; sourceTree = "<group>"; };
		17A206551E5147A300CCC2C8 /* ATCStripeCheckoutViewController.swift */ = {isa = PBXFileReference; fileEncoding = 4; lastKnownFileType = sourcecode.swift; path = ATCStripeCheckoutViewController.swift; sourceTree = "<group>"; };
		17A206561E5147A300CCC2C8 /* ATCStripeMyAPIClient.swift */ = {isa = PBXFileReference; fileEncoding = 4; lastKnownFileType = sourcecode.swift; path = ATCStripeMyAPIClient.swift; sourceTree = "<group>"; };
		17A206571E5147A300CCC2C8 /* ATCStripeSettingsViewController.swift */ = {isa = PBXFileReference; fileEncoding = 4; lastKnownFileType = sourcecode.swift; path = ATCStripeSettingsViewController.swift; sourceTree = "<group>"; };
		17A206591E5147A300CCC2C8 /* ATCLoginViewController.swift */ = {isa = PBXFileReference; fileEncoding = 4; lastKnownFileType = sourcecode.swift; path = ATCLoginViewController.swift; sourceTree = "<group>"; };
		17A2065A1E5147A300CCC2C8 /* ATCLoginViewController.xib */ = {isa = PBXFileReference; fileEncoding = 4; lastKnownFileType = file.xib; path = ATCLoginViewController.xib; sourceTree = "<group>"; };
		17A2065B1E5147A300CCC2C8 /* ATCTableViewController.swift */ = {isa = PBXFileReference; fileEncoding = 4; lastKnownFileType = sourcecode.swift; path = ATCTableViewController.swift; sourceTree = "<group>"; };
		17A2065D1E5147A300CCC2C8 /* ATCHostViewController.swift */ = {isa = PBXFileReference; fileEncoding = 4; lastKnownFileType = sourcecode.swift; path = ATCHostViewController.swift; sourceTree = "<group>"; };
		17A2065E1E5147A300CCC2C8 /* ATCMenuHeaderTableViewCell.swift */ = {isa = PBXFileReference; fileEncoding = 4; lastKnownFileType = sourcecode.swift; path = ATCMenuHeaderTableViewCell.swift; sourceTree = "<group>"; };
		17A2065F1E5147A300CCC2C8 /* ATCMenuHeaderTableViewCell.xib */ = {isa = PBXFileReference; fileEncoding = 4; lastKnownFileType = file.xib; path = ATCMenuHeaderTableViewCell.xib; sourceTree = "<group>"; };
		17A206601E5147A300CCC2C8 /* ATCMenuTableViewCell.swift */ = {isa = PBXFileReference; fileEncoding = 4; lastKnownFileType = sourcecode.swift; path = ATCMenuTableViewCell.swift; sourceTree = "<group>"; };
		17A206611E5147A300CCC2C8 /* ATCMenuTableViewCell.xib */ = {isa = PBXFileReference; fileEncoding = 4; lastKnownFileType = file.xib; path = ATCMenuTableViewCell.xib; sourceTree = "<group>"; };
		17A206621E5147A300CCC2C8 /* ATCMenuTableViewController.swift */ = {isa = PBXFileReference; fileEncoding = 4; lastKnownFileType = sourcecode.swift; path = ATCMenuTableViewController.swift; sourceTree = "<group>"; };
		17A206631E5147A300CCC2C8 /* ATCMenuTableViewController.xib */ = {isa = PBXFileReference; fileEncoding = 4; lastKnownFileType = file.xib; path = ATCMenuTableViewController.xib; sourceTree = "<group>"; };
		17A206641E5147A300CCC2C8 /* ATCNavigationController.swift */ = {isa = PBXFileReference; fileEncoding = 4; lastKnownFileType = sourcecode.swift; path = ATCNavigationController.swift; sourceTree = "<group>"; };
		17A206651E5147A300CCC2C8 /* ATCNavigationDrawerController.swift */ = {isa = PBXFileReference; fileEncoding = 4; lastKnownFileType = sourcecode.swift; path = ATCNavigationDrawerController.swift; sourceTree = "<group>"; };
		17A206661E5147A300CCC2C8 /* ATCNavigationToolbarController.swift */ = {isa = PBXFileReference; fileEncoding = 4; lastKnownFileType = sourcecode.swift; path = ATCNavigationToolbarController.swift; sourceTree = "<group>"; };
		17A206681E5147A300CCC2C8 /* ATCSettingsMoreTableViewCell.swift */ = {isa = PBXFileReference; fileEncoding = 4; lastKnownFileType = sourcecode.swift; path = ATCSettingsMoreTableViewCell.swift; sourceTree = "<group>"; };
		17A206691E5147A300CCC2C8 /* ATCSettingsMoreTableViewCell.xib */ = {isa = PBXFileReference; fileEncoding = 4; lastKnownFileType = file.xib; path = ATCSettingsMoreTableViewCell.xib; sourceTree = "<group>"; };
		17A2066A1E5147A300CCC2C8 /* ATCSettingsTableViewController.swift */ = {isa = PBXFileReference; fileEncoding = 4; lastKnownFileType = sourcecode.swift; path = ATCSettingsTableViewController.swift; sourceTree = "<group>"; };
		17A2066B1E5147A300CCC2C8 /* ATCSettingsTextTableViewCell.swift */ = {isa = PBXFileReference; fileEncoding = 4; lastKnownFileType = sourcecode.swift; path = ATCSettingsTextTableViewCell.swift; sourceTree = "<group>"; };
		17A2066C1E5147A300CCC2C8 /* ATCSettingsTextTableViewCell.xib */ = {isa = PBXFileReference; fileEncoding = 4; lastKnownFileType = file.xib; path = ATCSettingsTextTableViewCell.xib; sourceTree = "<group>"; };
		17A2066D1E5147A300CCC2C8 /* ATCSettingsToggleTableViewCell.swift */ = {isa = PBXFileReference; fileEncoding = 4; lastKnownFileType = sourcecode.swift; path = ATCSettingsToggleTableViewCell.swift; sourceTree = "<group>"; };
		17A2066E1E5147A300CCC2C8 /* ATCSettingsToggleTableViewCell.xib */ = {isa = PBXFileReference; fileEncoding = 4; lastKnownFileType = file.xib; path = ATCSettingsToggleTableViewCell.xib; sourceTree = "<group>"; };
		1EA0814B1EFE100BECD440B2 /* Pods-EcommerceApp.debug.xcconfig */ = {isa = PBXFileReference; includeInIndex = 1; lastKnownFileType = text.xcconfig; name = "Pods-EcommerceApp.debug.xcconfig"; path = "Pods/Target Support Files/Pods-EcommerceApp/Pods-EcommerceApp.debug.xcconfig"; sourceTree = "<group>"; };
		84C4903F70CB6CB03F788679 /* Pods-EcommerceApp.release.xcconfig */ = {isa = PBXFileReference; includeInIndex = 1; lastKnownFileType = text.xcconfig; name = "Pods-EcommerceApp.release.xcconfig"; path = "Pods/Target Support Files/Pods-EcommerceApp/Pods-EcommerceApp.release.xcconfig"; sourceTree = "<group>"; };
		A77003E3BA55AED5BB62B93B /* Pods_EcommerceApp.framework */ = {isa = PBXFileReference; explicitFileType = wrapper.framework; includeInIndex = 0; path = Pods_EcommerceApp.framework; sourceTree = BUILT_PRODUCTS_DIR; };
/* End PBXFileReference section */

/* Begin PBXFrameworksBuildPhase section */
		1778673F1E33F86000BF7080 /* Frameworks */ = {
			isa = PBXFrameworksBuildPhase;
			buildActionMask = 2147483647;
			files = (
				3C080925C4927DE51FF202F6 /* Pods_EcommerceApp.framework in Frameworks */,
			);
			runOnlyForDeploymentPostprocessing = 0;
		};
/* End PBXFrameworksBuildPhase section */

/* Begin PBXGroup section */
		1767F7571E344B5000E8AD1F /* Models */ = {
			isa = PBXGroup;
			children = (
				1767F7581E344B7100E8AD1F /* Product.swift */,
				17825D961E3ABD1300A03FC5 /* ShoppingCart.swift */,
				17825D981E3ABD3800A03FC5 /* ShoppingCartItem.swift */,
				173DCFB51E58F8E2001092C7 /* Category.swift */,
			);
			path = Models;
			sourceTree = "<group>";
		};
		177867391E33F86000BF7080 = {
			isa = PBXGroup;
			children = (
				17A2063E1E5147A300CCC2C8 /* AppTemplatesCore */,
				177867441E33F86000BF7080 /* EcommerceApp */,
				177867431E33F86000BF7080 /* Products */,
				82CD3256CE16FFE46DA1DC78 /* Pods */,
				58F0A209252D84E7964F9BF0 /* Frameworks */,
			);
			sourceTree = "<group>";
		};
		177867431E33F86000BF7080 /* Products */ = {
			isa = PBXGroup;
			children = (
				177867421E33F86000BF7080 /* EcommerceApp.app */,
			);
			name = Products;
			sourceTree = "<group>";
		};
		177867441E33F86000BF7080 /* EcommerceApp */ = {
			isa = PBXGroup;
			children = (
				1767F7571E344B5000E8AD1F /* Models */,
				17825D911E38529E00A03FC5 /* Controllers */,
				177867451E33F86000BF7080 /* AppDelegate.swift */,
				17A206341E513D7C00CCC2C8 /* AppConfiguration.swift */,
				177867471E33F86000BF7080 /* ViewController.swift */,
				1778674C1E33F86000BF7080 /* Assets.xcassets */,
				1778674E1E33F86000BF7080 /* LaunchScreen.storyboard */,
				177867511E33F86000BF7080 /* Info.plist */,
				173DCFAF1E56B187001092C7 /* GoogleService-Info.plist */,
				177867571E33F97900BF7080 /* Ecommerce.storyboard */,
				177867631E34147900BF7080 /* StoryboardEntityProvider.swift */,
				1767F75A1E344E3100E8AD1F /* EcommerceProductCollectionViewController.swift */,
				1767F75C1E344E7800E8AD1F /* ProductCollectionViewCell.swift */,
				17825D8D1E356BF200A03FC5 /* EcommerceProductDetailsViewController.swift */,
				17825D8F1E356ED200A03FC5 /* ImageCollectionViewCell.swift */,
				17825D9C1E3AD4B400A03FC5 /* EcommerceCartTableViewController.swift */,
				17825D9E1E3AD50F00A03FC5 /* CartTableViewCell.swift */,
				17825DA01E3D30BC00A03FC5 /* CartTotalTableViewCell.swift */,
				17825DA21E3D37A500A03FC5 /* CartPlaceOrderTableViewCell.swift */,
				173DCFB11E58F598001092C7 /* CategoriesTableViewController.swift */,
				173DCFB31E58F5E4001092C7 /* CategoriesTableViewCell.swift */,
			);
			path = EcommerceApp;
			sourceTree = "<group>";
		};
		17825D911E38529E00A03FC5 /* Controllers */ = {
			isa = PBXGroup;
			children = (
				17825D921E3852C700A03FC5 /* ShoppingCartManager.swift */,
			);
			path = Controllers;
			sourceTree = "<group>";
		};
		17A2063E1E5147A300CCC2C8 /* AppTemplatesCore */ = {
			isa = PBXGroup;
			children = (
				17A2063F1E5147A300CCC2C8 /* API */,
				17A206421E5147A300CCC2C8 /* Assets */,
				17A206441E5147A300CCC2C8 /* Config */,
				17A206451E5147A300CCC2C8 /* Helpers */,
				17A206481E5147A300CCC2C8 /* Models */,
				17A206501E5147A300CCC2C8 /* Networking */,
				17A206521E5147A300CCC2C8 /* Stripe */,
				17A206581E5147A300CCC2C8 /* ViewControllers */,
			);
			name = AppTemplatesCore;
			path = "../../app-templates-foundation/AppTemplatesFoundation/AppTemplatesFoundation/AppTemplatesCore";
			sourceTree = "<group>";
		};
		17A2063F1E5147A300CCC2C8 /* API */ = {
			isa = PBXGroup;
			children = (
				17A206401E5147A300CCC2C8 /* ATCAPIManager.swift */,
				17A206411E5147A300CCC2C8 /* ATCFacebookAPIManager.swift */,
			);
			path = API;
			sourceTree = "<group>";
		};
		17A206421E5147A300CCC2C8 /* Assets */ = {
			isa = PBXGroup;
			children = (
				17A206431E5147A300CCC2C8 /* Misc.xcassets */,
			);
			path = Assets;
			sourceTree = "<group>";
		};
		17A206441E5147A300CCC2C8 /* Config */ = {
			isa = PBXGroup;
			children = (
			);
			path = Config;
			sourceTree = "<group>";
		};
		17A206451E5147A300CCC2C8 /* Helpers */ = {
			isa = PBXGroup;
			children = (
				17A206461E5147A300CCC2C8 /* ATCFirebaseLoginManager.swift */,
				17A206471E5147A300CCC2C8 /* ATCViewControllerFactory.swift */,
			);
			path = Helpers;
			sourceTree = "<group>";
		};
		17A206481E5147A300CCC2C8 /* Models */ = {
			isa = PBXGroup;
			children = (
				17A206491E5147A300CCC2C8 /* ATCBaseModel.swift */,
				17A2064A1E5147A300CCC2C8 /* ATCFacebookPost.swift */,
				17A2064B1E5147A300CCC2C8 /* ATCFacebookUser.swift */,
				17A2064C1E5147A300CCC2C8 /* ATCRSSFeed.swift */,
				17A2064D1E5147A300CCC2C8 /* ATCSettingsItem.swift */,
				17A2064E1E5147A300CCC2C8 /* ATCUser.swift */,
				17A2064F1E5147A300CCC2C8 /* ATCWordpressPost.swift */,
			);
			path = Models;
			sourceTree = "<group>";
		};
		17A206501E5147A300CCC2C8 /* Networking */ = {
			isa = PBXGroup;
			children = (
				17A206511E5147A300CCC2C8 /* ATCNetworkingManager.swift */,
			);
			path = Networking;
			sourceTree = "<group>";
		};
		17A206521E5147A300CCC2C8 /* Stripe */ = {
			isa = PBXGroup;
			children = (
				17A206531E5147A300CCC2C8 /* ATCStripeButtons.swift */,
				17A206541E5147A300CCC2C8 /* ATCStripeCheckoutRowView.swift */,
				17A206551E5147A300CCC2C8 /* ATCStripeCheckoutViewController.swift */,
				17A206561E5147A300CCC2C8 /* ATCStripeMyAPIClient.swift */,
				17A206571E5147A300CCC2C8 /* ATCStripeSettingsViewController.swift */,
			);
			path = Stripe;
			sourceTree = "<group>";
		};
		17A206581E5147A300CCC2C8 /* ViewControllers */ = {
			isa = PBXGroup;
			children = (
				17A206591E5147A300CCC2C8 /* ATCLoginViewController.swift */,
				17A2065A1E5147A300CCC2C8 /* ATCLoginViewController.xib */,
				17A2065B1E5147A300CCC2C8 /* ATCTableViewController.swift */,
				17A2065C1E5147A300CCC2C8 /* Navigation */,
				17A206671E5147A300CCC2C8 /* Settings */,
			);
			path = ViewControllers;
			sourceTree = "<group>";
		};
		17A2065C1E5147A300CCC2C8 /* Navigation */ = {
			isa = PBXGroup;
			children = (
				17A2065D1E5147A300CCC2C8 /* ATCHostViewController.swift */,
				17A2065E1E5147A300CCC2C8 /* ATCMenuHeaderTableViewCell.swift */,
				17A2065F1E5147A300CCC2C8 /* ATCMenuHeaderTableViewCell.xib */,
				17A206601E5147A300CCC2C8 /* ATCMenuTableViewCell.swift */,
				17A206611E5147A300CCC2C8 /* ATCMenuTableViewCell.xib */,
				17A206621E5147A300CCC2C8 /* ATCMenuTableViewController.swift */,
				17A206631E5147A300CCC2C8 /* ATCMenuTableViewController.xib */,
				17A206641E5147A300CCC2C8 /* ATCNavigationController.swift */,
				17A206651E5147A300CCC2C8 /* ATCNavigationDrawerController.swift */,
				17A206661E5147A300CCC2C8 /* ATCNavigationToolbarController.swift */,
			);
			path = Navigation;
			sourceTree = "<group>";
		};
		17A206671E5147A300CCC2C8 /* Settings */ = {
			isa = PBXGroup;
			children = (
				17A206681E5147A300CCC2C8 /* ATCSettingsMoreTableViewCell.swift */,
				17A206691E5147A300CCC2C8 /* ATCSettingsMoreTableViewCell.xib */,
				17A2066A1E5147A300CCC2C8 /* ATCSettingsTableViewController.swift */,
				17A2066B1E5147A300CCC2C8 /* ATCSettingsTextTableViewCell.swift */,
				17A2066C1E5147A300CCC2C8 /* ATCSettingsTextTableViewCell.xib */,
				17A2066D1E5147A300CCC2C8 /* ATCSettingsToggleTableViewCell.swift */,
				17A2066E1E5147A300CCC2C8 /* ATCSettingsToggleTableViewCell.xib */,
			);
			path = Settings;
			sourceTree = "<group>";
		};
		58F0A209252D84E7964F9BF0 /* Frameworks */ = {
			isa = PBXGroup;
			children = (
				A77003E3BA55AED5BB62B93B /* Pods_EcommerceApp.framework */,
			);
			name = Frameworks;
			sourceTree = "<group>";
		};
		82CD3256CE16FFE46DA1DC78 /* Pods */ = {
			isa = PBXGroup;
			children = (
				1EA0814B1EFE100BECD440B2 /* Pods-EcommerceApp.debug.xcconfig */,
				84C4903F70CB6CB03F788679 /* Pods-EcommerceApp.release.xcconfig */,
			);
			name = Pods;
			sourceTree = "<group>";
		};
/* End PBXGroup section */

/* Begin PBXNativeTarget section */
		177867411E33F86000BF7080 /* EcommerceApp */ = {
			isa = PBXNativeTarget;
			buildConfigurationList = 177867541E33F86000BF7080 /* Build configuration list for PBXNativeTarget "EcommerceApp" */;
			buildPhases = (
				0E49B12F268ECF2D23793D52 /* [CP] Check Pods Manifest.lock */,
				1778673E1E33F86000BF7080 /* Sources */,
				1778673F1E33F86000BF7080 /* Frameworks */,
				177867401E33F86000BF7080 /* Resources */,
				F87F38DAA64F657D782D4C56 /* [CP] Embed Pods Frameworks */,
				78020A9213A4F535DF417C54 /* [CP] Copy Pods Resources */,
			);
			buildRules = (
			);
			dependencies = (
			);
			name = EcommerceApp;
			productName = EcommerceApp;
			productReference = 177867421E33F86000BF7080 /* EcommerceApp.app */;
			productType = "com.apple.product-type.application";
		};
/* End PBXNativeTarget section */

/* Begin PBXProject section */
		1778673A1E33F86000BF7080 /* Project object */ = {
			isa = PBXProject;
			attributes = {
				LastSwiftUpdateCheck = 0820;
				LastUpgradeCheck = 0820;
				ORGANIZATIONNAME = "iOS App Templates";
				TargetAttributes = {
					177867411E33F86000BF7080 = {
						CreatedOnToolsVersion = 8.2.1;
						DevelopmentTeam = L693HRC9HY;
						ProvisioningStyle = Automatic;
					};
				};
			};
			buildConfigurationList = 1778673D1E33F86000BF7080 /* Build configuration list for PBXProject "EcommerceApp" */;
			compatibilityVersion = "Xcode 3.2";
			developmentRegion = English;
			hasScannedForEncodings = 0;
			knownRegions = (
				en,
				Base,
			);
			mainGroup = 177867391E33F86000BF7080;
			productRefGroup = 177867431E33F86000BF7080 /* Products */;
			projectDirPath = "";
			projectRoot = "";
			targets = (
				177867411E33F86000BF7080 /* EcommerceApp */,
			);
		};
/* End PBXProject section */

/* Begin PBXResourcesBuildPhase section */
		177867401E33F86000BF7080 /* Resources */ = {
			isa = PBXResourcesBuildPhase;
			buildActionMask = 2147483647;
			files = (
				17A2068F1E5147A300CCC2C8 /* ATCSettingsMoreTableViewCell.xib in Resources */,
				17A206941E5147A300CCC2C8 /* ATCSettingsToggleTableViewCell.xib in Resources */,
				177867501E33F86000BF7080 /* LaunchScreen.storyboard in Resources */,
				17A206881E5147A300CCC2C8 /* ATCMenuTableViewCell.xib in Resources */,
				17A206821E5147A300CCC2C8 /* ATCLoginViewController.xib in Resources */,
				173DCFB01E56B187001092C7 /* GoogleService-Info.plist in Resources */,
				17A2068A1E5147A300CCC2C8 /* ATCMenuTableViewController.xib in Resources */,
				1778674D1E33F86000BF7080 /* Assets.xcassets in Resources */,
				17A206861E5147A300CCC2C8 /* ATCMenuHeaderTableViewCell.xib in Resources */,
				17A206921E5147A300CCC2C8 /* ATCSettingsTextTableViewCell.xib in Resources */,
				177867581E33F97900BF7080 /* Ecommerce.storyboard in Resources */,
				17A206711E5147A300CCC2C8 /* Misc.xcassets in Resources */,
			);
			runOnlyForDeploymentPostprocessing = 0;
		};
/* End PBXResourcesBuildPhase section */

/* Begin PBXShellScriptBuildPhase section */
		0E49B12F268ECF2D23793D52 /* [CP] Check Pods Manifest.lock */ = {
			isa = PBXShellScriptBuildPhase;
			buildActionMask = 2147483647;
			files = (
			);
			inputPaths = (
			);
			name = "[CP] Check Pods Manifest.lock";
			outputPaths = (
			);
			runOnlyForDeploymentPostprocessing = 0;
			shellPath = /bin/sh;
			shellScript = "diff \"${PODS_ROOT}/../Podfile.lock\" \"${PODS_ROOT}/Manifest.lock\" > /dev/null\nif [ $? != 0 ] ; then\n    # print error to STDERR\n    echo \"error: The sandbox is not in sync with the Podfile.lock. Run 'pod install' or update your CocoaPods installation.\" >&2\n    exit 1\nfi\n";
			showEnvVarsInLog = 0;
		};
		78020A9213A4F535DF417C54 /* [CP] Copy Pods Resources */ = {
			isa = PBXShellScriptBuildPhase;
			buildActionMask = 2147483647;
			files = (
			);
			inputPaths = (
			);
			name = "[CP] Copy Pods Resources";
			outputPaths = (
			);
			runOnlyForDeploymentPostprocessing = 0;
			shellPath = /bin/sh;
			shellScript = "\"${SRCROOT}/Pods/Target Support Files/Pods-EcommerceApp/Pods-EcommerceApp-resources.sh\"\n";
			showEnvVarsInLog = 0;
		};
		F87F38DAA64F657D782D4C56 /* [CP] Embed Pods Frameworks */ = {
			isa = PBXShellScriptBuildPhase;
			buildActionMask = 2147483647;
			files = (
			);
			inputPaths = (
			);
			name = "[CP] Embed Pods Frameworks";
			outputPaths = (
			);
			runOnlyForDeploymentPostprocessing = 0;
			shellPath = /bin/sh;
			shellScript = "\"${SRCROOT}/Pods/Target Support Files/Pods-EcommerceApp/Pods-EcommerceApp-frameworks.sh\"\n";
			showEnvVarsInLog = 0;
		};
/* End PBXShellScriptBuildPhase section */

/* Begin PBXSourcesBuildPhase section */
		1778673E1E33F86000BF7080 /* Sources */ = {
			isa = PBXSourcesBuildPhase;
			buildActionMask = 2147483647;
			files = (
				17825D991E3ABD3800A03FC5 /* ShoppingCartItem.swift in Sources */,
				17A2067D1E5147A300CCC2C8 /* ATCStripeCheckoutRowView.swift in Sources */,
				17A206771E5147A300CCC2C8 /* ATCRSSFeed.swift in Sources */,
				17825D901E356ED200A03FC5 /* ImageCollectionViewCell.swift in Sources */,
				17825DA11E3D30BC00A03FC5 /* CartTotalTableViewCell.swift in Sources */,
				17825D9F1E3AD50F00A03FC5 /* CartTableViewCell.swift in Sources */,
				173DCFB61E58F8E2001092C7 /* Category.swift in Sources */,
				173DCFB21E58F599001092C7 /* CategoriesTableViewController.swift in Sources */,
				17A2068C1E5147A300CCC2C8 /* ATCNavigationDrawerController.swift in Sources */,
				17A206791E5147A300CCC2C8 /* ATCUser.swift in Sources */,
				1767F75D1E344E7800E8AD1F /* ProductCollectionViewCell.swift in Sources */,
				17825DA31E3D37A500A03FC5 /* CartPlaceOrderTableViewCell.swift in Sources */,
				17A206841E5147A300CCC2C8 /* ATCHostViewController.swift in Sources */,
				17A2067C1E5147A300CCC2C8 /* ATCStripeButtons.swift in Sources */,
				1767F7591E344B7100E8AD1F /* Product.swift in Sources */,
				17A2067B1E5147A300CCC2C8 /* ATCNetworkingManager.swift in Sources */,
				17825D8E1E356BF200A03FC5 /* EcommerceProductDetailsViewController.swift in Sources */,
				17A206811E5147A300CCC2C8 /* ATCLoginViewController.swift in Sources */,
				173DCFB41E58F5E4001092C7 /* CategoriesTableViewCell.swift in Sources */,
				17A206701E5147A300CCC2C8 /* ATCFacebookAPIManager.swift in Sources */,
				17A2068B1E5147A300CCC2C8 /* ATCNavigationController.swift in Sources */,
				17A206911E5147A300CCC2C8 /* ATCSettingsTextTableViewCell.swift in Sources */,
				17A206891E5147A300CCC2C8 /* ATCMenuTableViewController.swift in Sources */,
				17A206781E5147A300CCC2C8 /* ATCSettingsItem.swift in Sources */,
				177867641E34147900BF7080 /* StoryboardEntityProvider.swift in Sources */,
				177867481E33F86000BF7080 /* ViewController.swift in Sources */,
				17A206741E5147A300CCC2C8 /* ATCBaseModel.swift in Sources */,
				17A206351E513D7C00CCC2C8 /* AppConfiguration.swift in Sources */,
				1767F75B1E344E3100E8AD1F /* EcommerceProductCollectionViewController.swift in Sources */,
				17A206851E5147A300CCC2C8 /* ATCMenuHeaderTableViewCell.swift in Sources */,
				17A206871E5147A300CCC2C8 /* ATCMenuTableViewCell.swift in Sources */,
				17A2068D1E5147A300CCC2C8 /* ATCNavigationToolbarController.swift in Sources */,
				177867461E33F86000BF7080 /* AppDelegate.swift in Sources */,
				17A2067E1E5147A300CCC2C8 /* ATCStripeCheckoutViewController.swift in Sources */,
				17A2067F1E5147A300CCC2C8 /* ATCStripeMyAPIClient.swift in Sources */,
				17A206731E5147A300CCC2C8 /* ATCViewControllerFactory.swift in Sources */,
				17825D9D1E3AD4B400A03FC5 /* EcommerceCartTableViewController.swift in Sources */,
				17A206831E5147A300CCC2C8 /* ATCTableViewController.swift in Sources */,
				17A2067A1E5147A300CCC2C8 /* ATCWordpressPost.swift in Sources */,
				17A206751E5147A300CCC2C8 /* ATCFacebookPost.swift in Sources */,
				17825D931E3852C700A03FC5 /* ShoppingCartManager.swift in Sources */,
				17A206721E5147A300CCC2C8 /* ATCFirebaseLoginManager.swift in Sources */,
				17A206761E5147A300CCC2C8 /* ATCFacebookUser.swift in Sources */,
				17A206931E5147A300CCC2C8 /* ATCSettingsToggleTableViewCell.swift in Sources */,
				17A2068E1E5147A300CCC2C8 /* ATCSettingsMoreTableViewCell.swift in Sources */,
				17A206901E5147A300CCC2C8 /* ATCSettingsTableViewController.swift in Sources */,
				17A206801E5147A300CCC2C8 /* ATCStripeSettingsViewController.swift in Sources */,
				17825D971E3ABD1300A03FC5 /* ShoppingCart.swift in Sources */,
				17A2066F1E5147A300CCC2C8 /* ATCAPIManager.swift in Sources */,
			);
			runOnlyForDeploymentPostprocessing = 0;
		};
/* End PBXSourcesBuildPhase section */

/* Begin PBXVariantGroup section */
		1778674E1E33F86000BF7080 /* LaunchScreen.storyboard */ = {
			isa = PBXVariantGroup;
			children = (
				1778674F1E33F86000BF7080 /* Base */,
			);
			name = LaunchScreen.storyboard;
			sourceTree = "<group>";
		};
/* End PBXVariantGroup section */

/* Begin XCBuildConfiguration section */
		177867521E33F86000BF7080 /* Debug */ = {
			isa = XCBuildConfiguration;
			buildSettings = {
				ALWAYS_SEARCH_USER_PATHS = NO;
				CLANG_ANALYZER_NONNULL = YES;
				CLANG_CXX_LANGUAGE_STANDARD = "gnu++0x";
				CLANG_CXX_LIBRARY = "libc++";
				CLANG_ENABLE_MODULES = YES;
				CLANG_ENABLE_OBJC_ARC = YES;
				CLANG_WARN_BOOL_CONVERSION = YES;
				CLANG_WARN_CONSTANT_CONVERSION = YES;
				CLANG_WARN_DIRECT_OBJC_ISA_USAGE = YES_ERROR;
				CLANG_WARN_DOCUMENTATION_COMMENTS = YES;
				CLANG_WARN_EMPTY_BODY = YES;
				CLANG_WARN_ENUM_CONVERSION = YES;
				CLANG_WARN_INFINITE_RECURSION = YES;
				CLANG_WARN_INT_CONVERSION = YES;
				CLANG_WARN_OBJC_ROOT_CLASS = YES_ERROR;
				CLANG_WARN_SUSPICIOUS_MOVE = YES;
				CLANG_WARN_UNREACHABLE_CODE = YES;
				CLANG_WARN__DUPLICATE_METHOD_MATCH = YES;
				"CODE_SIGN_IDENTITY[sdk=iphoneos*]" = "iPhone Developer";
				COPY_PHASE_STRIP = NO;
				DEBUG_INFORMATION_FORMAT = dwarf;
				ENABLE_STRICT_OBJC_MSGSEND = YES;
				ENABLE_TESTABILITY = YES;
				GCC_C_LANGUAGE_STANDARD = gnu99;
				GCC_DYNAMIC_NO_PIC = NO;
				GCC_NO_COMMON_BLOCKS = YES;
				GCC_OPTIMIZATION_LEVEL = 0;
				GCC_PREPROCESSOR_DEFINITIONS = (
					"DEBUG=1",
					"$(inherited)",
				);
				GCC_WARN_64_TO_32_BIT_CONVERSION = YES;
				GCC_WARN_ABOUT_RETURN_TYPE = YES_ERROR;
				GCC_WARN_UNDECLARED_SELECTOR = YES;
				GCC_WARN_UNINITIALIZED_AUTOS = YES_AGGRESSIVE;
				GCC_WARN_UNUSED_FUNCTION = YES;
				GCC_WARN_UNUSED_VARIABLE = YES;
				IPHONEOS_DEPLOYMENT_TARGET = 10.0;
				MTL_ENABLE_DEBUG_INFO = YES;
				ONLY_ACTIVE_ARCH = YES;
				SDKROOT = iphoneos;
				SWIFT_ACTIVE_COMPILATION_CONDITIONS = DEBUG;
				SWIFT_OPTIMIZATION_LEVEL = "-Onone";
				TARGETED_DEVICE_FAMILY = "1,2";
			};
			name = Debug;
		};
		177867531E33F86000BF7080 /* Release */ = {
			isa = XCBuildConfiguration;
			buildSettings = {
				ALWAYS_SEARCH_USER_PATHS = NO;
				CLANG_ANALYZER_NONNULL = YES;
				CLANG_CXX_LANGUAGE_STANDARD = "gnu++0x";
				CLANG_CXX_LIBRARY = "libc++";
				CLANG_ENABLE_MODULES = YES;
				CLANG_ENABLE_OBJC_ARC = YES;
				CLANG_WARN_BOOL_CONVERSION = YES;
				CLANG_WARN_CONSTANT_CONVERSION = YES;
				CLANG_WARN_DIRECT_OBJC_ISA_USAGE = YES_ERROR;
				CLANG_WARN_DOCUMENTATION_COMMENTS = YES;
				CLANG_WARN_EMPTY_BODY = YES;
				CLANG_WARN_ENUM_CONVERSION = YES;
				CLANG_WARN_INFINITE_RECURSION = YES;
				CLANG_WARN_INT_CONVERSION = YES;
				CLANG_WARN_OBJC_ROOT_CLASS = YES_ERROR;
				CLANG_WARN_SUSPICIOUS_MOVE = YES;
				CLANG_WARN_UNREACHABLE_CODE = YES;
				CLANG_WARN__DUPLICATE_METHOD_MATCH = YES;
				"CODE_SIGN_IDENTITY[sdk=iphoneos*]" = "iPhone Developer";
				COPY_PHASE_STRIP = NO;
				DEBUG_INFORMATION_FORMAT = "dwarf-with-dsym";
				ENABLE_NS_ASSERTIONS = NO;
				ENABLE_STRICT_OBJC_MSGSEND = YES;
				GCC_C_LANGUAGE_STANDARD = gnu99;
				GCC_NO_COMMON_BLOCKS = YES;
				GCC_WARN_64_TO_32_BIT_CONVERSION = YES;
				GCC_WARN_ABOUT_RETURN_TYPE = YES_ERROR;
				GCC_WARN_UNDECLARED_SELECTOR = YES;
				GCC_WARN_UNINITIALIZED_AUTOS = YES_AGGRESSIVE;
				GCC_WARN_UNUSED_FUNCTION = YES;
				GCC_WARN_UNUSED_VARIABLE = YES;
				IPHONEOS_DEPLOYMENT_TARGET = 10.0;
				MTL_ENABLE_DEBUG_INFO = NO;
				SDKROOT = iphoneos;
				SWIFT_OPTIMIZATION_LEVEL = "-Owholemodule";
				TARGETED_DEVICE_FAMILY = "1,2";
				VALIDATE_PRODUCT = YES;
			};
			name = Release;
		};
		177867551E33F86000BF7080 /* Debug */ = {
			isa = XCBuildConfiguration;
			baseConfigurationReference = 1EA0814B1EFE100BECD440B2 /* Pods-EcommerceApp.debug.xcconfig */;
			buildSettings = {
				ASSETCATALOG_COMPILER_APPICON_NAME = AppIcon;
				DEVELOPMENT_TEAM = L693HRC9HY;
				INFOPLIST_FILE = EcommerceApp/Info.plist;
				LD_RUNPATH_SEARCH_PATHS = "$(inherited) @executable_path/Frameworks";
				PRODUCT_BUNDLE_IDENTIFIER = iOSAppTemplatesDotCom.EcommerceApp;
				PRODUCT_NAME = "$(TARGET_NAME)";
				SWIFT_VERSION = 3.0;
			};
			name = Debug;
		};
		177867561E33F86000BF7080 /* Release */ = {
			isa = XCBuildConfiguration;
			baseConfigurationReference = 84C4903F70CB6CB03F788679 /* Pods-EcommerceApp.release.xcconfig */;
			buildSettings = {
				ASSETCATALOG_COMPILER_APPICON_NAME = AppIcon;
				DEVELOPMENT_TEAM = L693HRC9HY;
				INFOPLIST_FILE = EcommerceApp/Info.plist;
				LD_RUNPATH_SEARCH_PATHS = "$(inherited) @executable_path/Frameworks";
				PRODUCT_BUNDLE_IDENTIFIER = iOSAppTemplatesDotCom.EcommerceApp;
				PRODUCT_NAME = "$(TARGET_NAME)";
				SWIFT_VERSION = 3.0;
			};
			name = Release;
		};
/* End XCBuildConfiguration section */

/* Begin XCConfigurationList section */
		1778673D1E33F86000BF7080 /* Build configuration list for PBXProject "EcommerceApp" */ = {
			isa = XCConfigurationList;
			buildConfigurations = (
				177867521E33F86000BF7080 /* Debug */,
				177867531E33F86000BF7080 /* Release */,
			);
			defaultConfigurationIsVisible = 0;
			defaultConfigurationName = Release;
		};
		177867541E33F86000BF7080 /* Build configuration list for PBXNativeTarget "EcommerceApp" */ = {
			isa = XCConfigurationList;
			buildConfigurations = (
				177867551E33F86000BF7080 /* Debug */,
				177867561E33F86000BF7080 /* Release */,
			);
			defaultConfigurationIsVisible = 0;
			defaultConfigurationName = Release;
		};
/* End XCConfigurationList section */
	};
	rootObject = 1778673A1E33F86000BF7080 /* Project object */;
}
